
Microsoft Visual Studio Solution File, Format Version 12.00
# Visual Studio Version 16
VisualStudioVersion = 16.0.30225.117
MinimumVisualStudioVersion = 10.0.40219.1
Project("{8BC9CEB8-8B4A-11D0-8D11-00A0C91BC942}") = "KDBGDecryptor", "KDBGDecryptor\KDBGDecryptor.vcxproj", "{B5F13A0D-4B15-4015-AB91-35F5D88CBD19}"
EndProject
Global
	GlobalSection(SolutionConfigurationPlatforms) = preSolution
		Debug|ARM = Debug|ARM
		Debug|ARM64 = Debug|ARM64
		Debug|x64 = Debug|x64
		Debug|x86 = Debug|x86
		Release|ARM = Release|ARM
		Release|ARM64 = Release|ARM64
		Release|x64 = Release|x64
		Release|x86 = Release|x86
	EndGlobalSection
	GlobalSection(ProjectConfigurationPlatforms) = postSolution
		{B5F13A0D-4B15-4015-AB91-35F5D88CBD19}.Debug|ARM.ActiveCfg = Debug|ARM
		{B5F13A0D-4B15-4015-AB91-35F5D88CBD19}.Debug|ARM.Build.0 = Debug|ARM
		{B5F13A0D-4B15-4015-AB91-35F5D88CBD19}.Debug|ARM.Deploy.0 = Debug|ARM
		{B5F13A0D-4B15-4015-AB91-35F5D88CBD19}.Debug|ARM64.ActiveCfg = Debug|ARM64
		{B5F13A0D-4B15-4015-AB91-35F5D88CBD19}.Debug|ARM64.Build.0 = Debug|ARM64
		{B5F13A0D-4B15-4015-AB91-35F5D88CBD19}.Debug|ARM64.Deploy.0 = Debug|ARM64
		{B5F13A0D-4B15-4015-AB91-35F5D88CBD19}.Debug|x64.ActiveCfg = Debug|x64
		{B5F13A0D-4B15-4015-AB91-35F5D88CBD19}.Debug|x64.Build.0 = Debug|x64
		{B5F13A0D-4B15-4015-AB91-35F5D88CBD19}.Debug|x64.Deploy.0 = Debug|x64
		{B5F13A0D-4B15-4015-AB91-35F5D88CBD19}.Debug|x86.ActiveCfg = Debug|Win32
		{B5F13A0D-4B15-4015-AB91-35F5D88CBD19}.Debug|x86.Build.0 = Debug|Win32
		{B5F13A0D-4B15-4015-AB91-35F5D88CBD19}.Debug|x86.Deploy.0 = Debug|Win32
		{B5F13A0D-4B15-4015-AB91-35F5D88CBD19}.Release|ARM.ActiveCfg = Release|ARM
		{B5F13A0D-4B15-4015-AB91-35F5D88CBD19}.Release|ARM.Build.0 = Release|ARM
		{B5F13A0D-4B15-4015-AB91-35F5D88CBD19}.Release|ARM.Deploy.0 = Release|ARM
		{B5F13A0D-4B15-4015-AB91-35F5D88CBD19}.Release|ARM64.ActiveCfg = Release|ARM64
		{B5F13A0D-4B15-4015-AB91-35F5D88CBD19}.Release|ARM64.Build.0 = Release|ARM64
		{B5F13A0D-4B15-4015-AB91-35F5D88CBD19}.Release|ARM64.Deploy.0 = Release|ARM64
		{B5F13A0D-4B15-4015-AB91-35F5D88CBD19}.Release|x64.ActiveCfg = Release|x64
		{B5F13A0D-4B15-4015-AB91-35F5D88CBD19}.Release|x64.Build.0 = Release|x64
		{B5F13A0D-4B15-4015-AB91-35F5D88CBD19}.Release|x64.Deploy.0 = Release|x64
		{B5F13A0D-4B15-4015-AB91-35F5D88CBD19}.Release|x86.ActiveCfg = Release|Win32
		{B5F13A0D-4B15-4015-AB91-35F5D88CBD19}.Release|x86.Build.0 = Release|Win32
		{B5F13A0D-4B15-4015-AB91-35F5D88CBD19}.Release|x86.Deploy.0 = Release|Win32
	EndGlobalSection
	GlobalSection(SolutionProperties) = preSolution
		HideSolutionNode = FALSE
	EndGlobalSection
	GlobalSection(ExtensibilityGlobals) = postSolution
		SolutionGuid = {B40530CF-7D9B-4AF8-8563-1CF6B8A3C703}
	EndGlobalSection
EndGlobal
